
Microsoft Visual Studio Solution File, Format Version 12.00
# Visual Studio Version 17
VisualStudioVersion = 17.0.32014.148
MinimumVisualStudioVersion = 10.0.40219.1
Project("{FAE04EC0-301F-11D3-BF4B-00C04F79EFBC}") = "demoForNetFramework2", "demoForNetFramework2\demoForNetFramework2.csproj", "{25245F37-85B8-47A0-B361-EBBE801156EA}"
EndProject
Project("{FAE04EC0-301F-11D3-BF4B-00C04F79EFBC}") = "demoForNetFramework3", "demoForNetFramework3\demoForNetFramework3.csproj", "{27991DE8-C035-4BDB-959E-D8FED5CDBE2D}"
EndProject
Project("{FAE04EC0-301F-11D3-BF4B-00C04F79EFBC}") = "demoForNetFramework4", "demoForNetFramework4\demoForNetFramework4.csproj", "{70BCEB3C-B4C5-4C78-A6A7-D5B056A8DC93}"
EndProject
Project("{FAE04EC0-301F-11D3-BF4B-00C04F79EFBC}") = "demoForNetFramework45", "demoForNetFramework45\demoForNetFramework45.csproj", "{2F740EF7-00C5-4D64-8802-AEBF31CB66C8}"
EndProject
Project("{FAE04EC0-301F-11D3-BF4B-00C04F79EFBC}") = "demoForNetFramework48", "demoForNetFramework48\demoForNetFramework48.csproj", "{7224B70E-366D-4B4C-9821-31746F9FF663}"
EndProject
Global
	GlobalSection(SolutionConfigurationPlatforms) = preSolution
		Debug|Any CPU = Debug|Any CPU
		Release|Any CPU = Release|Any CPU
	EndGlobalSection
	GlobalSection(ProjectConfigurationPlatforms) = postSolution
		{25245F37-85B8-47A0-B361-EBBE801156EA}.Debug|Any CPU.ActiveCfg = Debug|Any CPU
		{25245F37-85B8-47A0-B361-EBBE801156EA}.Debug|Any CPU.Build.0 = Debug|Any CPU
		{25245F37-85B8-47A0-B361-EBBE801156EA}.Release|Any CPU.ActiveCfg = Release|Any CPU
		{25245F37-85B8-47A0-B361-EBBE801156EA}.Release|Any CPU.Build.0 = Release|Any CPU
		{27991DE8-C035-4BDB-959E-D8FED5CDBE2D}.Debug|Any CPU.ActiveCfg = Debug|Any CPU
		{27991DE8-C035-4BDB-959E-D8FED5CDBE2D}.Debug|Any CPU.Build.0 = Debug|Any CPU
		{27991DE8-C035-4BDB-959E-D8FED5CDBE2D}.Release|Any CPU.ActiveCfg = Release|Any CPU
		{27991DE8-C035-4BDB-959E-D8FED5CDBE2D}.Release|Any CPU.Build.0 = Release|Any CPU
		{70BCEB3C-B4C5-4C78-A6A7-D5B056A8DC93}.Debug|Any CPU.ActiveCfg = Debug|Any CPU
		{70BCEB3C-B4C5-4C78-A6A7-D5B056A8DC93}.Debug|Any CPU.Build.0 = Debug|Any CPU
		{70BCEB3C-B4C5-4C78-A6A7-D5B056A8DC93}.Release|Any CPU.ActiveCfg = Release|Any CPU
		{70BCEB3C-B4C5-4C78-A6A7-D5B056A8DC93}.Release|Any CPU.Build.0 = Release|Any CPU
		{2F740EF7-00C5-4D64-8802-AEBF31CB66C8}.Debug|Any CPU.ActiveCfg = Debug|Any CPU
		{2F740EF7-00C5-4D64-8802-AEBF31CB66C8}.Debug|Any CPU.Build.0 = Debug|Any CPU
		{2F740EF7-00C5-4D64-8802-AEBF31CB66C8}.Release|Any CPU.ActiveCfg = Release|Any CPU
		{2F740EF7-00C5-4D64-8802-AEBF31CB66C8}.Release|Any CPU.Build.0 = Release|Any CPU
		{7224B70E-366D-4B4C-9821-31746F9FF663}.Debug|Any CPU.ActiveCfg = Debug|Any CPU
		{7224B70E-366D-4B4C-9821-31746F9FF663}.Debug|Any CPU.Build.0 = Debug|Any CPU
		{7224B70E-366D-4B4C-9821-31746F9FF663}.Release|Any CPU.ActiveCfg = Release|Any CPU
		{7224B70E-366D-4B4C-9821-31746F9FF663}.Release|Any CPU.Build.0 = Release|Any CPU
	EndGlobalSection
	GlobalSection(SolutionProperties) = preSolution
		HideSolutionNode = FALSE
	EndGlobalSection
	GlobalSection(ExtensibilityGlobals) = postSolution
		SolutionGuid = {252A0006-74F3-4E48-96D8-9F9F961D03FB}
	EndGlobalSection
EndGlobal
